{
  "name": "lu-mind-mapping",
  "version": "0.0.5",
  "lockfileVersion": 1,
  "requires": true,
  "dependencies": {
    "alloyfinger": {
      "version": "0.1.16",
      "resolved": "https://registry.npmjs.org/alloyfinger/-/alloyfinger-0.1.16.tgz",
      "integrity": "sha512-AfsLALs929WQsjSk1pbysoiVU3bgm/4k1wdZDtMQ7uI7b8XweqCCnUiBYqqdp8uPZ1fBq/+LCJhgUlhd90FssQ=="
    }
  }
}
